{
  "name": "hvm-js",
  "version": "0.1.0",
  "lockfileVersion": 2,
  "requires": true,
  "packages": {
    "": {
      "name": "hvm-js",
      "version": "0.1.0",
      "license": "MIT",
      "dependencies": {
        "hvm-nodejs": "^0.1.77",
        "hvm-web": "^0.1.77"
      }
    },
    "node_modules/hvm-nodejs": {
      "version": "0.1.77",
      "resolved": "https://registry.npmjs.org/hvm-nodejs/-/hvm-nodejs-0.1.77.tgz",
      "integrity": "sha512-gtr69cEqsUTQU/8LMxZq4TBAWYI59pLpgVqKi+sup0v0SNIkTE0f13W/eEqDCH3At61x500mUnHRaKCBGea6nw=="
    },
    "node_modules/hvm-web": {
      "version": "0.1.77",
      "resolved": "https://registry.npmjs.org/hvm-web/-/hvm-web-0.1.77.tgz",
      "integrity": "sha512-3Jhjxz9QbZl/Akid7zrLBWTzieQSM24jzgbP8fHoanjitTg1sRl/zJC932pobdD/6QECypPbC8HB8nBQiPEagg=="
    }
  },
  "dependencies": {
    "hvm-nodejs": {
      "version": "0.1.77",
      "resolved": "https://registry.npmjs.org/hvm-nodejs/-/hvm-nodejs-0.1.77.tgz",
      "integrity": "sha512-gtr69cEqsUTQU/8LMxZq4TBAWYI59pLpgVqKi+sup0v0SNIkTE0f13W/eEqDCH3At61x500mUnHRaKCBGea6nw=="
    },
    "hvm-web": {
      "version": "0.1.77",
      "resolved": "https://registry.npmjs.org/hvm-web/-/hvm-web-0.1.77.tgz",
      "integrity": "sha512-3Jhjxz9QbZl/Akid7zrLBWTzieQSM24jzgbP8fHoanjitTg1sRl/zJC932pobdD/6QECypPbC8HB8nBQiPEagg=="
    }
  }
}
