{
  "name": "hvm-js",
  "version": "0.2.6",
  "lockfileVersion": 2,
  "requires": true,
  "packages": {
    "": {
      "name": "hvm-js",
      "version": "0.2.6",
      "license": "MIT",
      "dependencies": {
        "hvm-nodejs": "^0.1.80",
        "hvm-web": "^0.1.80"
      }
    },
    "node_modules/hvm-nodejs": {
      "version": "0.1.80",
      "resolved": "https://registry.npmjs.org/hvm-nodejs/-/hvm-nodejs-0.1.80.tgz",
      "integrity": "sha512-9DMzIbv+SauHfJkgDV3QSMs2uvuyzIsNBEWHBj7aGkkvlAVmGX3zCq1wAflS/CmACjDT1jiDwdlGWNyZCDT7YQ=="
    },
    "node_modules/hvm-web": {
      "version": "0.1.80",
      "resolved": "https://registry.npmjs.org/hvm-web/-/hvm-web-0.1.80.tgz",
      "integrity": "sha512-3mKWRNijTZYJBc3BE++nISPcQQjEKgw40sWeDUFc6D7sVYqk7l3jr7Wql0w+ZmjSVX1Vx9edzX+sE4Zjs8CuIA=="
    }
  },
  "dependencies": {
    "hvm-nodejs": {
      "version": "0.1.80",
      "resolved": "https://registry.npmjs.org/hvm-nodejs/-/hvm-nodejs-0.1.80.tgz",
      "integrity": "sha512-9DMzIbv+SauHfJkgDV3QSMs2uvuyzIsNBEWHBj7aGkkvlAVmGX3zCq1wAflS/CmACjDT1jiDwdlGWNyZCDT7YQ=="
    },
    "hvm-web": {
      "version": "0.1.80",
      "resolved": "https://registry.npmjs.org/hvm-web/-/hvm-web-0.1.80.tgz",
      "integrity": "sha512-3mKWRNijTZYJBc3BE++nISPcQQjEKgw40sWeDUFc6D7sVYqk7l3jr7Wql0w+ZmjSVX1Vx9edzX+sE4Zjs8CuIA=="
    }
  }
}
